
Microsoft Visual Studio Solution File, Format Version 12.00
# Visual Studio Version 16
VisualStudioVersion = 16.0.33328.57
MinimumVisualStudioVersion = 10.0.40219.1
Project("{FAE04EC0-301F-11D3-BF4B-00C04F79EFBC}") = "OOAd", "OOAd\OOAd.csproj", "{742A0CFE-5FF3-463F-B549-2D4AB32CFE54}"
EndProject
Global
	GlobalSection(SolutionConfigurationPlatforms) = preSolution
		Debug|Any CPU = Debug|Any CPU
		Release|Any CPU = Release|Any CPU
	EndGlobalSection
	GlobalSection(ProjectConfigurationPlatforms) = postSolution
		{742A0CFE-5FF3-463F-B549-2D4AB32CFE54}.Debug|Any CPU.ActiveCfg = Debug|Any CPU
		{742A0CFE-5FF3-463F-B549-2D4AB32CFE54}.Debug|Any CPU.Build.0 = Debug|Any CPU
		{742A0CFE-5FF3-463F-B549-2D4AB32CFE54}.Release|Any CPU.ActiveCfg = Release|Any CPU
		{742A0CFE-5FF3-463F-B549-2D4AB32CFE54}.Release|Any CPU.Build.0 = Release|Any CPU
	EndGlobalSection
	GlobalSection(SolutionProperties) = preSolution
		HideSolutionNode = FALSE
	EndGlobalSection
	GlobalSection(ExtensibilityGlobals) = postSolution
		SolutionGuid = {B3D4CC76-FAFC-4FEC-BD5F-77A58AA4E2D9}
	EndGlobalSection
EndGlobal
